
Microsoft Visual Studio Solution File, Format Version 12.00
# Visual Studio Version 17
VisualStudioVersion = 17.3.32901.215
MinimumVisualStudioVersion = 10.0.40219.1
Project("{FAE04EC0-301F-11D3-BF4B-00C04F79EFBC}") = "CapaConexion", "CapaConexion\CapaConexion.csproj", "{800D4041-3427-4FBF-95E4-B077F936B148}"
EndProject
Project("{FAE04EC0-301F-11D3-BF4B-00C04F79EFBC}") = "CapaDTO", "CapaDTO\CapaDTO.csproj", "{54B6BF34-F083-4391-A95D-36CAC5DB9BE2}"
EndProject
Project("{FAE04EC0-301F-11D3-BF4B-00C04F79EFBC}") = "CapaGUI", "CapaGUI\CapaGUI.csproj", "{5E222AED-05E3-46EF-95FA-91CB6850B48A}"
EndProject
Project("{FAE04EC0-301F-11D3-BF4B-00C04F79EFBC}") = "CapaNegocio", "CapaNegocio\CapaNegocio.csproj", "{21C52EEC-7129-481E-A7BA-31DEECC49E59}"
EndProject
Global
	GlobalSection(SolutionConfigurationPlatforms) = preSolution
		Debug|Any CPU = Debug|Any CPU
		Release|Any CPU = Release|Any CPU
	EndGlobalSection
	GlobalSection(ProjectConfigurationPlatforms) = postSolution
		{800D4041-3427-4FBF-95E4-B077F936B148}.Debug|Any CPU.ActiveCfg = Debug|Any CPU
		{800D4041-3427-4FBF-95E4-B077F936B148}.Debug|Any CPU.Build.0 = Debug|Any CPU
		{800D4041-3427-4FBF-95E4-B077F936B148}.Release|Any CPU.ActiveCfg = Release|Any CPU
		{800D4041-3427-4FBF-95E4-B077F936B148}.Release|Any CPU.Build.0 = Release|Any CPU
		{54B6BF34-F083-4391-A95D-36CAC5DB9BE2}.Debug|Any CPU.ActiveCfg = Debug|Any CPU
		{54B6BF34-F083-4391-A95D-36CAC5DB9BE2}.Debug|Any CPU.Build.0 = Debug|Any CPU
		{54B6BF34-F083-4391-A95D-36CAC5DB9BE2}.Release|Any CPU.ActiveCfg = Release|Any CPU
		{54B6BF34-F083-4391-A95D-36CAC5DB9BE2}.Release|Any CPU.Build.0 = Release|Any CPU
		{5E222AED-05E3-46EF-95FA-91CB6850B48A}.Debug|Any CPU.ActiveCfg = Debug|Any CPU
		{5E222AED-05E3-46EF-95FA-91CB6850B48A}.Debug|Any CPU.Build.0 = Debug|Any CPU
		{5E222AED-05E3-46EF-95FA-91CB6850B48A}.Release|Any CPU.ActiveCfg = Release|Any CPU
		{5E222AED-05E3-46EF-95FA-91CB6850B48A}.Release|Any CPU.Build.0 = Release|Any CPU
		{21C52EEC-7129-481E-A7BA-31DEECC49E59}.Debug|Any CPU.ActiveCfg = Debug|Any CPU
		{21C52EEC-7129-481E-A7BA-31DEECC49E59}.Debug|Any CPU.Build.0 = Debug|Any CPU
		{21C52EEC-7129-481E-A7BA-31DEECC49E59}.Release|Any CPU.ActiveCfg = Release|Any CPU
		{21C52EEC-7129-481E-A7BA-31DEECC49E59}.Release|Any CPU.Build.0 = Release|Any CPU
	EndGlobalSection
	GlobalSection(SolutionProperties) = preSolution
		HideSolutionNode = FALSE
	EndGlobalSection
	GlobalSection(ExtensibilityGlobals) = postSolution
		SolutionGuid = {CEED1A43-C1DC-4A92-960B-5CA21F057C35}
	EndGlobalSection
EndGlobal
